
Microsoft Visual Studio Solution File, Format Version 10.00
# Visual Studio 2008
Project("{8BC9CEB8-8B4A-11D0-8D11-00A0C91BC942}") = "pycdc", "pycdc.vcproj", "{44A92B47-DFE6-4C07-B8D0-5D78C0ECCA21}"
EndProject
Project("{8BC9CEB8-8B4A-11D0-8D11-00A0C91BC942}") = "pycdas", "pycdas.vcproj", "{102E5FEA-A879-4F26-B803-526B5D62F750}"
EndProject
Global
	GlobalSection(SolutionConfigurationPlatforms) = preSolution
		Debug|Win32 = Debug|Win32
		Release|Win32 = Release|Win32
	EndGlobalSection
	GlobalSection(ProjectConfigurationPlatforms) = postSolution
		{44A92B47-DFE6-4C07-B8D0-5D78C0ECCA21}.Debug|Win32.ActiveCfg = Debug|Win32
		{44A92B47-DFE6-4C07-B8D0-5D78C0ECCA21}.Debug|Win32.Build.0 = Debug|Win32
		{44A92B47-DFE6-4C07-B8D0-5D78C0ECCA21}.Release|Win32.ActiveCfg = Release|Win32
		{44A92B47-DFE6-4C07-B8D0-5D78C0ECCA21}.Release|Win32.Build.0 = Release|Win32
		{102E5FEA-A879-4F26-B803-526B5D62F750}.Debug|Win32.ActiveCfg = Debug|Win32
		{102E5FEA-A879-4F26-B803-526B5D62F750}.Debug|Win32.Build.0 = Debug|Win32
		{102E5FEA-A879-4F26-B803-526B5D62F750}.Release|Win32.ActiveCfg = Release|Win32
		{102E5FEA-A879-4F26-B803-526B5D62F750}.Release|Win32.Build.0 = Release|Win32
	EndGlobalSection
	GlobalSection(SolutionProperties) = preSolution
		HideSolutionNode = FALSE
	EndGlobalSection
EndGlobal
