
Microsoft Visual Studio Solution File, Format Version 12.00
# Visual Studio 14
VisualStudioVersion = 14.0.23107.0
MinimumVisualStudioVersion = 10.0.40219.1
Project("{8BC9CEB8-8B4A-11D0-8D11-00A0C91BC942}") = "pyc_disasm", "pyc_disasm.vcxproj", "{68BBE691-4539-49D0-AEA4-F01392E7FE87}"
EndProject
Project("{8BC9CEB8-8B4A-11D0-8D11-00A0C91BC942}") = "pyc_decomp", "pyc_decomp.vcxproj", "{13058ECD-D42E-4108-B062-EDA8D9394BC2}"
EndProject
Global
	GlobalSection(SolutionConfigurationPlatforms) = preSolution
		Debug|x64 = Debug|x64
		Debug|x86 = Debug|x86
		pyc_disasm|x64 = pyc_disasm|x64
		pyc_disasm|x86 = pyc_disasm|x86
		Release|x64 = Release|x64
		Release|x86 = Release|x86
	EndGlobalSection
	GlobalSection(ProjectConfigurationPlatforms) = postSolution
		{68BBE691-4539-49D0-AEA4-F01392E7FE87}.Debug|x64.ActiveCfg = Debug|x64
		{68BBE691-4539-49D0-AEA4-F01392E7FE87}.Debug|x64.Build.0 = Debug|x64
		{68BBE691-4539-49D0-AEA4-F01392E7FE87}.Debug|x86.ActiveCfg = Debug|Win32
		{68BBE691-4539-49D0-AEA4-F01392E7FE87}.Debug|x86.Build.0 = Debug|Win32
		{68BBE691-4539-49D0-AEA4-F01392E7FE87}.pyc_disasm|x64.ActiveCfg = Release|x64
		{68BBE691-4539-49D0-AEA4-F01392E7FE87}.pyc_disasm|x64.Build.0 = Release|x64
		{68BBE691-4539-49D0-AEA4-F01392E7FE87}.pyc_disasm|x86.ActiveCfg = Release|Win32
		{68BBE691-4539-49D0-AEA4-F01392E7FE87}.pyc_disasm|x86.Build.0 = Release|Win32
		{68BBE691-4539-49D0-AEA4-F01392E7FE87}.Release|x64.ActiveCfg = Release|x64
		{68BBE691-4539-49D0-AEA4-F01392E7FE87}.Release|x64.Build.0 = Release|x64
		{68BBE691-4539-49D0-AEA4-F01392E7FE87}.Release|x86.ActiveCfg = Release|Win32
		{68BBE691-4539-49D0-AEA4-F01392E7FE87}.Release|x86.Build.0 = Release|Win32
		{13058ECD-D42E-4108-B062-EDA8D9394BC2}.Debug|x64.ActiveCfg = Debug|x64
		{13058ECD-D42E-4108-B062-EDA8D9394BC2}.Debug|x64.Build.0 = Debug|x64
		{13058ECD-D42E-4108-B062-EDA8D9394BC2}.Debug|x86.ActiveCfg = Debug|Win32
		{13058ECD-D42E-4108-B062-EDA8D9394BC2}.Debug|x86.Build.0 = Debug|Win32
		{13058ECD-D42E-4108-B062-EDA8D9394BC2}.pyc_disasm|x64.ActiveCfg = pyc_disasm|x64
		{13058ECD-D42E-4108-B062-EDA8D9394BC2}.pyc_disasm|x64.Build.0 = pyc_disasm|x64
		{13058ECD-D42E-4108-B062-EDA8D9394BC2}.pyc_disasm|x86.ActiveCfg = pyc_disasm|Win32
		{13058ECD-D42E-4108-B062-EDA8D9394BC2}.pyc_disasm|x86.Build.0 = pyc_disasm|Win32
		{13058ECD-D42E-4108-B062-EDA8D9394BC2}.Release|x64.ActiveCfg = Release|x64
		{13058ECD-D42E-4108-B062-EDA8D9394BC2}.Release|x64.Build.0 = Release|x64
		{13058ECD-D42E-4108-B062-EDA8D9394BC2}.Release|x86.ActiveCfg = Release|Win32
		{13058ECD-D42E-4108-B062-EDA8D9394BC2}.Release|x86.Build.0 = Release|Win32
	EndGlobalSection
	GlobalSection(SolutionProperties) = preSolution
		HideSolutionNode = FALSE
	EndGlobalSection
EndGlobal
