
Microsoft Visual Studio Solution File, Format Version 12.00
# Visual Studio 14
VisualStudioVersion = 14.0.23107.0
MinimumVisualStudioVersion = 10.0.40219.1
Project("{8BC9CEB8-8B4A-11D0-8D11-00A0C91BC942}") = "pyc_disasm", "pyc_disasm.vcxproj", "{68BBE691-4539-49D0-AEA4-F01392E7FE87}"
EndProject
Project("{8BC9CEB8-8B4A-11D0-8D11-00A0C91BC942}") = "pyc_decomp", "pyc_decomp.vcxproj", "{13058ECD-D42E-4108-B062-EDA8D9394BC2}"
EndProject
Global
	GlobalSection(SolutionConfigurationPlatforms) = preSolution
		DA_Debug|x64 = DA_Debug|x64
		DA_Debug|x86 = DA_Debug|x86
		DA_LocalTest|x64 = DA_LocalTest|x64
		DA_LocalTest|x86 = DA_LocalTest|x86
		DC_Debug|x64 = DC_Debug|x64
		DC_Debug|x86 = DC_Debug|x86
		Release DA DC|x64 = Release DA DC|x64
		Release DA DC|x86 = Release DA DC|x86
	EndGlobalSection
	GlobalSection(ProjectConfigurationPlatforms) = postSolution
		{68BBE691-4539-49D0-AEA4-F01392E7FE87}.DA_Debug|x64.ActiveCfg = DA_Debug|x64
		{68BBE691-4539-49D0-AEA4-F01392E7FE87}.DA_Debug|x64.Build.0 = DA_Debug|x64
		{68BBE691-4539-49D0-AEA4-F01392E7FE87}.DA_Debug|x86.ActiveCfg = DA_Debug|Win32
		{68BBE691-4539-49D0-AEA4-F01392E7FE87}.DA_Debug|x86.Build.0 = DA_Debug|Win32
		{68BBE691-4539-49D0-AEA4-F01392E7FE87}.DA_LocalTest|x64.ActiveCfg = DA_LocalTest|x64
		{68BBE691-4539-49D0-AEA4-F01392E7FE87}.DA_LocalTest|x64.Build.0 = DA_LocalTest|x64
		{68BBE691-4539-49D0-AEA4-F01392E7FE87}.DA_LocalTest|x86.ActiveCfg = DA_LocalTest|Win32
		{68BBE691-4539-49D0-AEA4-F01392E7FE87}.DA_LocalTest|x86.Build.0 = DA_LocalTest|Win32
		{68BBE691-4539-49D0-AEA4-F01392E7FE87}.DC_Debug|x64.ActiveCfg = Debug|x64
		{68BBE691-4539-49D0-AEA4-F01392E7FE87}.DC_Debug|x86.ActiveCfg = Debug|Win32
		{68BBE691-4539-49D0-AEA4-F01392E7FE87}.DC_Debug|x86.Build.0 = Debug|Win32
		{68BBE691-4539-49D0-AEA4-F01392E7FE87}.Release DA DC|x64.ActiveCfg = DA_Release|x64
		{68BBE691-4539-49D0-AEA4-F01392E7FE87}.Release DA DC|x64.Build.0 = DA_Release|x64
		{68BBE691-4539-49D0-AEA4-F01392E7FE87}.Release DA DC|x86.ActiveCfg = DA_Release|Win32
		{68BBE691-4539-49D0-AEA4-F01392E7FE87}.Release DA DC|x86.Build.0 = DA_Release|Win32
		{13058ECD-D42E-4108-B062-EDA8D9394BC2}.DA_Debug|x64.ActiveCfg = DA_Debug|x64
		{13058ECD-D42E-4108-B062-EDA8D9394BC2}.DA_Debug|x86.ActiveCfg = DA_Debug|Win32
		{13058ECD-D42E-4108-B062-EDA8D9394BC2}.DA_LocalTest|x64.ActiveCfg = DA_LocalTest|x64
		{13058ECD-D42E-4108-B062-EDA8D9394BC2}.DA_LocalTest|x86.ActiveCfg = DA_LocalTest|Win32
		{13058ECD-D42E-4108-B062-EDA8D9394BC2}.DC_Debug|x64.ActiveCfg = Debug|x64
		{13058ECD-D42E-4108-B062-EDA8D9394BC2}.DC_Debug|x64.Build.0 = Debug|x64
		{13058ECD-D42E-4108-B062-EDA8D9394BC2}.DC_Debug|x86.ActiveCfg = Debug|Win32
		{13058ECD-D42E-4108-B062-EDA8D9394BC2}.Release DA DC|x64.ActiveCfg = DA_Release|x64
		{13058ECD-D42E-4108-B062-EDA8D9394BC2}.Release DA DC|x64.Build.0 = DA_Release|x64
		{13058ECD-D42E-4108-B062-EDA8D9394BC2}.Release DA DC|x86.ActiveCfg = DA_Release|Win32
		{13058ECD-D42E-4108-B062-EDA8D9394BC2}.Release DA DC|x86.Build.0 = DA_Release|Win32
	EndGlobalSection
	GlobalSection(SolutionProperties) = preSolution
		HideSolutionNode = FALSE
	EndGlobalSection
EndGlobal
