<?xml version="1.0" encoding="utf-8"?>
<Project ToolsVersion="4.0" xmlns="http://schemas.microsoft.com/developer/msbuild/2003">
  <ItemGroup>
    <Filter Include="Source Files">
      <UniqueIdentifier>{4FC737F1-C7A5-4376-A066-2A32D752A2FF}</UniqueIdentifier>
      <Extensions>cpp;c;cc;cxx;def;odl;idl;hpj;bat;asm;asmx</Extensions>
    </Filter>
    <Filter Include="Header Files">
      <UniqueIdentifier>{93995380-89BD-4b04-88EB-625FBE52EBFB}</UniqueIdentifier>
      <Extensions>h;hh;hpp;hxx;hm;inl;inc;xsd</Extensions>
    </Filter>
    <Filter Include="Resource Files">
      <UniqueIdentifier>{67DA6AB6-F800-4c08-8B7A-83BB121AAD01}</UniqueIdentifier>
      <Extensions>rc;ico;cur;bmp;dlg;rc2;rct;bin;rgs;gif;jpg;jpeg;jpe;resx;tiff;tif;png;wav</Extensions>
    </Filter>
    <Filter Include="Source Files\map-files">
      <UniqueIdentifier>{00d06449-7adf-47a6-8bc1-c2b832d78cd7}</UniqueIdentifier>
      <Extensions>python_*.cpp</Extensions>
    </Filter>
    <Filter Include="Source Files\Mainfile">
      <UniqueIdentifier>{dca2ee2e-f2af-4134-a311-835e612876c4}</UniqueIdentifier>
    </Filter>
  </ItemGroup>
  <ItemGroup>
    <ClCompile Include="..\ASTNode.cpp">
      <Filter>Source Files</Filter>
    </ClCompile>
    <ClCompile Include="..\ASTree.cpp">
      <Filter>Source Files</Filter>
    </ClCompile>
    <ClCompile Include="..\bytecode.cpp">
      <Filter>Source Files</Filter>
    </ClCompile>
    <ClCompile Include="..\data.cpp">
      <Filter>Source Files</Filter>
    </ClCompile>
    <ClCompile Include="..\pyc_code.cpp">
      <Filter>Source Files</Filter>
    </ClCompile>
    <ClCompile Include="..\pyc_module.cpp">
      <Filter>Source Files</Filter>
    </ClCompile>
    <ClCompile Include="..\pyc_numeric.cpp">
      <Filter>Source Files</Filter>
    </ClCompile>
    <ClCompile Include="..\pyc_object.cpp">
      <Filter>Source Files</Filter>
    </ClCompile>
    <ClCompile Include="..\pyc_sequence.cpp">
      <Filter>Source Files</Filter>
    </ClCompile>
    <ClCompile Include="..\pyc_string.cpp">
      <Filter>Source Files</Filter>
    </ClCompile>
    <ClCompile Include="..\pycdc.cpp">
      <Filter>Source Files\Mainfile</Filter>
    </ClCompile>
    <ClCompile Include="..\python_35.cpp">
      <Filter>Source Files\map-files</Filter>
    </ClCompile>
    <ClCompile Include="..\python_10.cpp">
      <Filter>Source Files\map-files</Filter>
    </ClCompile>
    <ClCompile Include="..\python_11.cpp">
      <Filter>Source Files\map-files</Filter>
    </ClCompile>
    <ClCompile Include="..\python_13.cpp">
      <Filter>Source Files\map-files</Filter>
    </ClCompile>
    <ClCompile Include="..\python_14.cpp">
      <Filter>Source Files\map-files</Filter>
    </ClCompile>
    <ClCompile Include="..\python_15.cpp">
      <Filter>Source Files\map-files</Filter>
    </ClCompile>
    <ClCompile Include="..\python_16.cpp">
      <Filter>Source Files\map-files</Filter>
    </ClCompile>
    <ClCompile Include="..\python_20.cpp">
      <Filter>Source Files\map-files</Filter>
    </ClCompile>
    <ClCompile Include="..\python_21.cpp">
      <Filter>Source Files\map-files</Filter>
    </ClCompile>
    <ClCompile Include="..\python_22.cpp">
      <Filter>Source Files\map-files</Filter>
    </ClCompile>
    <ClCompile Include="..\python_23.cpp">
      <Filter>Source Files\map-files</Filter>
    </ClCompile>
    <ClCompile Include="..\python_24.cpp">
      <Filter>Source Files\map-files</Filter>
    </ClCompile>
    <ClCompile Include="..\python_25.cpp">
      <Filter>Source Files\map-files</Filter>
    </ClCompile>
    <ClCompile Include="..\python_26.cpp">
      <Filter>Source Files\map-files</Filter>
    </ClCompile>
    <ClCompile Include="..\python_27.cpp">
      <Filter>Source Files\map-files</Filter>
    </ClCompile>
    <ClCompile Include="..\python_30.cpp">
      <Filter>Source Files\map-files</Filter>
    </ClCompile>
    <ClCompile Include="..\python_31.cpp">
      <Filter>Source Files\map-files</Filter>
    </ClCompile>
    <ClCompile Include="..\python_32.cpp">
      <Filter>Source Files\map-files</Filter>
    </ClCompile>
    <ClCompile Include="..\python_33.cpp">
      <Filter>Source Files\map-files</Filter>
    </ClCompile>
    <ClCompile Include="..\python_34.cpp">
      <Filter>Source Files\map-files</Filter>
    </ClCompile>
  </ItemGroup>
  <ItemGroup>
    <ClInclude Include="..\ASTNode.h">
      <Filter>Header Files</Filter>
    </ClInclude>
    <ClInclude Include="..\ASTree.h">
      <Filter>Header Files</Filter>
    </ClInclude>
    <ClInclude Include="..\bytecode.h">
      <Filter>Header Files</Filter>
    </ClInclude>
    <ClInclude Include="..\data.h">
      <Filter>Header Files</Filter>
    </ClInclude>
    <ClInclude Include="..\FastStack.h">
      <Filter>Header Files</Filter>
    </ClInclude>
    <ClInclude Include="..\pyc_code.h">
      <Filter>Header Files</Filter>
    </ClInclude>
    <ClInclude Include="..\pyc_module.h">
      <Filter>Header Files</Filter>
    </ClInclude>
    <ClInclude Include="..\pyc_numeric.h">
      <Filter>Header Files</Filter>
    </ClInclude>
    <ClInclude Include="..\pyc_object.h">
      <Filter>Header Files</Filter>
    </ClInclude>
    <ClInclude Include="..\pyc_sequence.h">
      <Filter>Header Files</Filter>
    </ClInclude>
    <ClInclude Include="..\pyc_string.h">
      <Filter>Header Files</Filter>
    </ClInclude>
  </ItemGroup>
</Project>